<?xml version="1.0" encoding="UTF-8"?>
<CONFIG>
  <ProjectOptions>
    <Version Value="11"/>
    <General>
      <MainUnit Value="0"/>
      <ResourceType Value="res"/>
      <UseXPManifest Value="True"/>
      <Icon Value="0"/>
    </General>
    <i18n>
      <EnableI18N LFM="False"/>
    </i18n>
    <VersionInfo>
      <UseVersionInfo Value="True"/>
      <MajorVersionNr Value="1"/>
      <CharSet Value="04B0"/>
      <StringTable CompanyName="Jakub Husak" ProductName="Atari Disk Sound Decoder" ProductVersion="1.0"/>
    </VersionInfo>
    <BuildModes Count="2" Active="Deployment">
      <Item1 Name="Debug" Default="True"/>
      <Item2 Name="Deployment">
        <CompilerOptions>
          <Version Value="11"/>
          <Target>
            <Filename Value="AuDecoder"/>
          </Target>
          <SearchPaths>
            <IncludeFiles Value="$(ProjOutDir)"/>
            <Libraries Value="/opt/local/lib/"/>
            <UnitOutputDirectory Value="lib/$(TargetCPU)-$(TargetOS)"/>
          </SearchPaths>
          <CodeGeneration>
            <Optimizations>
              <OptimizationLevel Value="3"/>
              <VariablesInRegisters Value="True"/>
              <UncertainOptimizations Value="True"/>
            </Optimizations>
            <SmallerCode Value="True"/>
          </CodeGeneration>
          <Linking>
            <Debugging>
              <GenerateDebugInfo Value="False"/>
              <UseLineInfoUnit Value="False"/>
              <StripSymbols Value="True"/>
            </Debugging>
            <LinkSmart Value="True"/>
            <Options>
              <Win32>
                <GraphicApplication Value="True"/>
              </Win32>
            </Options>
          </Linking>
        </CompilerOptions>
      </Item2>
    </BuildModes>
    <PublishOptions>
      <Version Value="2"/>
    </PublishOptions>
    <RunParams>
      <FormatVersion Value="2"/>
      <Modes Count="1">
        <Mode0 Name="default"/>
      </Modes>
    </RunParams>
    <RequiredPackages Count="1">
      <Item1>
        <PackageName Value="LCL"/>
      </Item1>
    </RequiredPackages>
    <Units Count="6">
      <Unit0>
        <Filename Value="audio2xfd.lpr"/>
        <IsPartOfProject Value="True"/>
        <EditorIndex Value="2"/>
        <UsageCount Value="204"/>
        <Loaded Value="True"/>
      </Unit0>
      <Unit1>
        <Filename Value="main.pas"/>
        <IsPartOfProject Value="True"/>
        <ComponentName Value="MainForm"/>
        <HasResources Value="True"/>
        <ResourceBaseClass Value="Form"/>
        <IsVisibleTab Value="True"/>
        <TopLine Value="306"/>
        <CursorPos Y="107"/>
        <UsageCount Value="204"/>
        <Loaded Value="True"/>
        <LoadedDesigner Value="True"/>
      </Unit1>
      <Unit2>
        <Filename Value="/Library/Lazarus/lcl/interfaces/cocoa/cocoascrollers.pas"/>
        <UnitName Value="CocoaScrollers"/>
        <EditorIndex Value="3"/>
        <TopLine Value="37"/>
        <CursorPos X="15" Y="53"/>
        <UsageCount Value="10"/>
        <Loaded Value="True"/>
      </Unit2>
      <Unit3>
        <Filename Value="/Library/Lazarus/lcl/interfaces/cocoa/cocoaprivate.pas"/>
        <UnitName Value="CocoaPrivate"/>
        <EditorIndex Value="-1"/>
        <TopLine Value="319"/>
        <CursorPos X="28" Y="333"/>
        <UsageCount Value="10"/>
      </Unit3>
      <Unit4>
        <Filename Value="/Library/Lazarus/lcl/interfaces/carbon/pascocoa/appkit/NSGraphicsContext.inc"/>
        <EditorIndex Value="4"/>
        <TopLine Value="318"/>
        <CursorPos X="13" Y="334"/>
        <UsageCount Value="10"/>
        <Loaded Value="True"/>
      </Unit4>
      <Unit5>
        <Filename Value="/usr/local/share/fpcsrc/rtl/objpas/fgl.pp"/>
        <EditorIndex Value="1"/>
        <TopLine Value="998"/>
        <CursorPos Y="945"/>
        <UsageCount Value="10"/>
        <Loaded Value="True"/>
      </Unit5>
    </Units>
    <JumpHistory Count="27" HistoryIndex="26">
      <Position1>
        <Filename Value="main.pas"/>
        <Caret Line="199" Column="72" TopLine="167"/>
      </Position1>
      <Position2>
        <Filename Value="main.pas"/>
        <Caret Line="226" Column="17" TopLine="194"/>
      </Position2>
      <Position3>
        <Filename Value="main.pas"/>
        <Caret Line="227" Column="33" TopLine="195"/>
      </Position3>
      <Position4>
        <Filename Value="main.pas"/>
        <Caret Line="235" Column="53" TopLine="203"/>
      </Position4>
      <Position5>
        <Filename Value="main.pas"/>
        <Caret Line="243" Column="53" TopLine="211"/>
      </Position5>
      <Position6>
        <Filename Value="main.pas"/>
        <Caret Line="245" Column="53" TopLine="213"/>
      </Position6>
      <Position7>
        <Filename Value="main.pas"/>
        <Caret Line="248" Column="88" TopLine="216"/>
      </Position7>
      <Position8>
        <Filename Value="main.pas"/>
        <Caret Line="538" Column="20" TopLine="506"/>
      </Position8>
      <Position9>
        <Filename Value="main.pas"/>
        <Caret Line="619" Column="24" TopLine="611"/>
      </Position9>
      <Position10>
        <Filename Value="main.pas"/>
        <Caret Line="624" Column="42" TopLine="615"/>
      </Position10>
      <Position11>
        <Filename Value="main.pas"/>
        <Caret Line="88" Column="21" TopLine="68"/>
      </Position11>
      <Position12>
        <Filename Value="main.pas"/>
        <Caret Line="73" Column="18" TopLine="65"/>
      </Position12>
      <Position13>
        <Filename Value="main.pas"/>
        <Caret Line="88" Column="17" TopLine="65"/>
      </Position13>
      <Position14>
        <Filename Value="main.pas"/>
        <Caret Line="95" Column="17" TopLine="65"/>
      </Position14>
      <Position15>
        <Filename Value="main.pas"/>
        <Caret Line="202" Column="29" TopLine="170"/>
      </Position15>
      <Position16>
        <Filename Value="main.pas"/>
        <Caret Line="192" Column="11" TopLine="183"/>
      </Position16>
      <Position17>
        <Filename Value="main.pas"/>
        <Caret Line="265" Column="31" TopLine="233"/>
      </Position17>
      <Position18>
        <Filename Value="main.pas"/>
        <Caret Line="390" Column="33" TopLine="358"/>
      </Position18>
      <Position19>
        <Filename Value="main.pas"/>
        <Caret Line="638" Column="41" TopLine="637"/>
      </Position19>
      <Position20>
        <Filename Value="main.pas"/>
        <Caret Line="124" Column="7" TopLine="104"/>
      </Position20>
      <Position21>
        <Filename Value="main.pas"/>
        <Caret Line="407" Column="81" TopLine="377"/>
      </Position21>
      <Position22>
        <Filename Value="main.pas"/>
        <Caret Line="399" Column="49" TopLine="378"/>
      </Position22>
      <Position23>
        <Filename Value="main.pas"/>
        <Caret Line="114" Column="5" TopLine="85"/>
      </Position23>
      <Position24>
        <Filename Value="audio2xfd.lpr"/>
      </Position24>
      <Position25>
        <Filename Value="/Library/Lazarus/lcl/interfaces/cocoa/cocoascrollers.pas"/>
        <Caret Line="53" Column="15" TopLine="37"/>
      </Position25>
      <Position26>
        <Filename Value="main.pas"/>
        <Caret Line="107" TopLine="306"/>
      </Position26>
      <Position27>
        <Filename Value="/usr/local/share/fpcsrc/rtl/objpas/fgl.pp"/>
        <Caret Line="988"/>
      </Position27>
    </JumpHistory>
  </ProjectOptions>
  <CompilerOptions>
    <Version Value="11"/>
    <Target>
      <Filename Value="AuDecoder_Debug"/>
    </Target>
    <SearchPaths>
      <IncludeFiles Value="$(ProjOutDir)"/>
      <Libraries Value="/opt/local/lib/"/>
      <UnitOutputDirectory Value="lib/$(TargetCPU)-$(TargetOS)"/>
    </SearchPaths>
    <CodeGeneration>
      <SmartLinkUnit Value="True"/>
      <Checks>
        <IOChecks Value="True"/>
        <RangeChecks Value="True"/>
        <OverflowChecks Value="True"/>
        <StackChecks Value="True"/>
      </Checks>
      <VerifyObjMethodCallValidity Value="True"/>
    </CodeGeneration>
    <Linking>
      <Options>
        <Win32>
          <GraphicApplication Value="True"/>
        </Win32>
      </Options>
    </Linking>
  </CompilerOptions>
  <Debugging>
    <Exceptions Count="3">
      <Item1>
        <Name Value="EAbort"/>
      </Item1>
      <Item2>
        <Name Value="ECodetoolError"/>
      </Item2>
      <Item3>
        <Name Value="EFOpenError"/>
      </Item3>
    </Exceptions>
  </Debugging>
</CONFIG>
